{
  "version": 4,
  "terraform_version": "1.14.3",
  "serial": 249,
  "lineage": "8cd46568-0984-6c6a-c23c-5f73f0d39454",
  "outputs": {
    "Akka-Seed-Node": {
      "value": "ec2-44-220-254-37.compute-1.amazonaws.com",
      "type": "string"
    },
    "Akka-Worker-1": {
      "value": "ec2-3-234-214-132.compute-1.amazonaws.com",
      "type": "string"
    },
    "Akka-Worker-2": {
      "value": "ec2-98-92-21-108.compute-1.amazonaws.com",
      "type": "string"
    },
    "Railway-Service": {
      "value": "ec2-3-239-59-185.compute-1.amazonaws.com",
      "type": "string"
    },
    "Simulate-Sensors": {
      "value": "ec2-98-82-119-95.compute-1.amazonaws.com",
      "type": "string"
    },
    "nats": {
      "value": "ec2-44-200-117-162.compute-1.amazonaws.com",
      "type": "string"
    },
    "openTelemetry": {
      "value": "ec2-44-210-16-95.compute-1.amazonaws.com",
      "type": "string"
    }
  },
  "resources": [
    {
      "mode": "managed",
      "type": "aws_instance",
      "name": "Akka-Seed-Node",
      "provider": "provider[\"registry.terraform.io/hashicorp/aws\"]",
      "instances": [
        {
          "schema_version": 1,
          "attributes": {
            "ami": "ami-068c0051b15cdb816",
            "arn": "arn:aws:ec2:us-east-1:730335597787:instance/i-00a074109869bc44c",
            "associate_public_ip_address": true,
            "availability_zone": "us-east-1f",
            "capacity_reservation_specification": [
              {
                "capacity_reservation_preference": "open",
                "capacity_reservation_target": []
              }
            ],
            "cpu_core_count": 1,
            "cpu_options": [
              {
                "amd_sev_snp": "",
                "core_count": 1,
                "threads_per_core": 2
              }
            ],
            "cpu_threads_per_core": 2,
            "credit_specification": [
              {
                "cpu_credits": "unlimited"
              }
            ],
            "disable_api_stop": false,
            "disable_api_termination": false,
            "ebs_block_device": [],
            "ebs_optimized": false,
            "enable_primary_ipv6": null,
            "enclave_options": [
              {
                "enabled": false
              }
            ],
            "ephemeral_block_device": [],
            "get_password_data": false,
            "hibernation": false,
            "host_id": "",
            "host_resource_group_arn": null,
            "iam_instance_profile": "",
            "id": "i-00a074109869bc44c",
            "instance_initiated_shutdown_behavior": "stop",
            "instance_lifecycle": "",
            "instance_market_options": [],
            "instance_state": "running",
            "instance_type": "t3.small",
            "ipv6_address_count": 0,
            "ipv6_addresses": [],
            "key_name": "railway-crossing-node",
            "launch_template": [],
            "maintenance_options": [
              {
                "auto_recovery": "default"
              }
            ],
            "metadata_options": [
              {
                "http_endpoint": "enabled",
                "http_protocol_ipv6": "disabled",
                "http_put_response_hop_limit": 2,
                "http_tokens": "required",
                "instance_metadata_tags": "disabled"
              }
            ],
            "monitoring": false,
            "network_interface": [],
            "outpost_arn": "",
            "password_data": "",
            "placement_group": "",
            "placement_partition_number": 0,
            "primary_network_interface_id": "eni-01de57995474c1d23",
            "private_dns": "ip-172-31-67-96.ec2.internal",
            "private_dns_name_options": [
              {
                "enable_resource_name_dns_a_record": false,
                "enable_resource_name_dns_aaaa_record": false,
                "hostname_type": "ip-name"
              }
            ],
            "private_ip": "172.31.67.96",
            "public_dns": "ec2-44-220-254-37.compute-1.amazonaws.com",
            "public_ip": "44.220.254.37",
            "root_block_device": [
              {
                "delete_on_termination": true,
                "device_name": "/dev/xvda",
                "encrypted": false,
                "iops": 3000,
                "kms_key_id": "",
                "tags": {},
                "tags_all": {},
                "throughput": 125,
                "volume_id": "vol-0519393e431087c91",
                "volume_size": 8,
                "volume_type": "gp3"
              }
            ],
            "secondary_private_ips": [],
            "security_groups": [
              "Railway-Default"
            ],
            "source_dest_check": true,
            "spot_instance_request_id": "",
            "subnet_id": "subnet-0654a60d848a01c86",
            "tags": {
              "Name": "Akka-Seed-Node"
            },
            "tags_all": {
              "Name": "Akka-Seed-Node"
            },
            "tenancy": "default",
            "timeouts": null,
            "user_data": "355f8b88bea5230dd540e752ce1dad33ddec0da0",
            "user_data_base64": null,
            "user_data_replace_on_change": false,
            "volume_tags": null,
            "vpc_security_group_ids": [
              "sg-0b959d377d6b608bb"
            ]
          },
          "sensitive_attributes": [],
          "identity_schema_version": 0,
          "private": "eyJlMmJmYjczMC1lY2FhLTExZTYtOGY4OC0zNDM2M2JjN2M0YzAiOnsiY3JlYXRlIjo2MDAwMDAwMDAwMDAsImRlbGV0ZSI6MTIwMDAwMDAwMDAwMCwicmVhZCI6OTAwMDAwMDAwMDAwLCJ1cGRhdGUiOjYwMDAwMDAwMDAwMH0sInNjaGVtYV92ZXJzaW9uIjoiMSJ9",
          "dependencies": [
            "aws_instance.Nats-Server",
            "aws_instance.OpenTelemetry",
            "aws_instance.Railway-Service",
            "aws_key_pair.railway-crossing-node",
            "aws_security_group.Railway-Default",
            "tls_private_key.railway-crossing-key"
          ]
        }
      ]
    },
    {
      "mode": "managed",
      "type": "aws_instance",
      "name": "Akka-Worker-1",
      "provider": "provider[\"registry.terraform.io/hashicorp/aws\"]",
      "instances": [
        {
          "schema_version": 1,
          "attributes": {
            "ami": "ami-068c0051b15cdb816",
            "arn": "arn:aws:ec2:us-east-1:730335597787:instance/i-0db25b120423187f2",
            "associate_public_ip_address": true,
            "availability_zone": "us-east-1f",
            "capacity_reservation_specification": [
              {
                "capacity_reservation_preference": "open",
                "capacity_reservation_target": []
              }
            ],
            "cpu_core_count": 1,
            "cpu_options": [
              {
                "amd_sev_snp": "",
                "core_count": 1,
                "threads_per_core": 2
              }
            ],
            "cpu_threads_per_core": 2,
            "credit_specification": [
              {
                "cpu_credits": "unlimited"
              }
            ],
            "disable_api_stop": false,
            "disable_api_termination": false,
            "ebs_block_device": [],
            "ebs_optimized": false,
            "enable_primary_ipv6": null,
            "enclave_options": [
              {
                "enabled": false
              }
            ],
            "ephemeral_block_device": [],
            "get_password_data": false,
            "hibernation": false,
            "host_id": "",
            "host_resource_group_arn": null,
            "iam_instance_profile": "",
            "id": "i-0db25b120423187f2",
            "instance_initiated_shutdown_behavior": "stop",
            "instance_lifecycle": "",
            "instance_market_options": [],
            "instance_state": "running",
            "instance_type": "t3.small",
            "ipv6_address_count": 0,
            "ipv6_addresses": [],
            "key_name": "railway-crossing-node",
            "launch_template": [],
            "maintenance_options": [
              {
                "auto_recovery": "default"
              }
            ],
            "metadata_options": [
              {
                "http_endpoint": "enabled",
                "http_protocol_ipv6": "disabled",
                "http_put_response_hop_limit": 2,
                "http_tokens": "required",
                "instance_metadata_tags": "disabled"
              }
            ],
            "monitoring": false,
            "network_interface": [],
            "outpost_arn": "",
            "password_data": "",
            "placement_group": "",
            "placement_partition_number": 0,
            "primary_network_interface_id": "eni-0de62eb792cdcc276",
            "private_dns": "ip-172-31-70-146.ec2.internal",
            "private_dns_name_options": [
              {
                "enable_resource_name_dns_a_record": false,
                "enable_resource_name_dns_aaaa_record": false,
                "hostname_type": "ip-name"
              }
            ],
            "private_ip": "172.31.70.146",
            "public_dns": "ec2-3-234-214-132.compute-1.amazonaws.com",
            "public_ip": "3.234.214.132",
            "root_block_device": [
              {
                "delete_on_termination": true,
                "device_name": "/dev/xvda",
                "encrypted": false,
                "iops": 3000,
                "kms_key_id": "",
                "tags": {},
                "tags_all": {},
                "throughput": 125,
                "volume_id": "vol-07e7965025daf5d41",
                "volume_size": 8,
                "volume_type": "gp3"
              }
            ],
            "secondary_private_ips": [],
            "security_groups": [
              "Railway-Default"
            ],
            "source_dest_check": true,
            "spot_instance_request_id": "",
            "subnet_id": "subnet-0654a60d848a01c86",
            "tags": {
              "Name": "Akka-Worker-1"
            },
            "tags_all": {
              "Name": "Akka-Worker-1"
            },
            "tenancy": "default",
            "timeouts": null,
            "user_data": "606a2cb1458ac8ae61beb81fbd81b96a7245216e",
            "user_data_base64": null,
            "user_data_replace_on_change": false,
            "volume_tags": null,
            "vpc_security_group_ids": [
              "sg-0b959d377d6b608bb"
            ]
          },
          "sensitive_attributes": [],
          "identity_schema_version": 0,
          "private": "eyJlMmJmYjczMC1lY2FhLTExZTYtOGY4OC0zNDM2M2JjN2M0YzAiOnsiY3JlYXRlIjo2MDAwMDAwMDAwMDAsImRlbGV0ZSI6MTIwMDAwMDAwMDAwMCwicmVhZCI6OTAwMDAwMDAwMDAwLCJ1cGRhdGUiOjYwMDAwMDAwMDAwMH0sInNjaGVtYV92ZXJzaW9uIjoiMSJ9",
          "dependencies": [
            "aws_instance.Akka-Seed-Node",
            "aws_instance.Nats-Server",
            "aws_instance.OpenTelemetry",
            "aws_instance.Railway-Service",
            "aws_key_pair.railway-crossing-node",
            "aws_security_group.Railway-Default",
            "tls_private_key.railway-crossing-key"
          ]
        }
      ]
    },
    {
      "mode": "managed",
      "type": "aws_instance",
      "name": "Akka-Worker-2",
      "provider": "provider[\"registry.terraform.io/hashicorp/aws\"]",
      "instances": [
        {
          "schema_version": 1,
          "attributes": {
            "ami": "ami-068c0051b15cdb816",
            "arn": "arn:aws:ec2:us-east-1:730335597787:instance/i-0e786e488015ac913",
            "associate_public_ip_address": true,
            "availability_zone": "us-east-1f",
            "capacity_reservation_specification": [
              {
                "capacity_reservation_preference": "open",
                "capacity_reservation_target": []
              }
            ],
            "cpu_core_count": 1,
            "cpu_options": [
              {
                "amd_sev_snp": "",
                "core_count": 1,
                "threads_per_core": 2
              }
            ],
            "cpu_threads_per_core": 2,
            "credit_specification": [
              {
                "cpu_credits": "unlimited"
              }
            ],
            "disable_api_stop": false,
            "disable_api_termination": false,
            "ebs_block_device": [],
            "ebs_optimized": false,
            "enable_primary_ipv6": null,
            "enclave_options": [
              {
                "enabled": false
              }
            ],
            "ephemeral_block_device": [],
            "get_password_data": false,
            "hibernation": false,
            "host_id": "",
            "host_resource_group_arn": null,
            "iam_instance_profile": "",
            "id": "i-0e786e488015ac913",
            "instance_initiated_shutdown_behavior": "stop",
            "instance_lifecycle": "",
            "instance_market_options": [],
            "instance_state": "running",
            "instance_type": "t3.small",
            "ipv6_address_count": 0,
            "ipv6_addresses": [],
            "key_name": "railway-crossing-node",
            "launch_template": [],
            "maintenance_options": [
              {
                "auto_recovery": "default"
              }
            ],
            "metadata_options": [
              {
                "http_endpoint": "enabled",
                "http_protocol_ipv6": "disabled",
                "http_put_response_hop_limit": 2,
                "http_tokens": "required",
                "instance_metadata_tags": "disabled"
              }
            ],
            "monitoring": false,
            "network_interface": [],
            "outpost_arn": "",
            "password_data": "",
            "placement_group": "",
            "placement_partition_number": 0,
            "primary_network_interface_id": "eni-0fb73be8816f81942",
            "private_dns": "ip-172-31-74-32.ec2.internal",
            "private_dns_name_options": [
              {
                "enable_resource_name_dns_a_record": false,
                "enable_resource_name_dns_aaaa_record": false,
                "hostname_type": "ip-name"
              }
            ],
            "private_ip": "172.31.74.32",
            "public_dns": "ec2-98-92-21-108.compute-1.amazonaws.com",
            "public_ip": "98.92.21.108",
            "root_block_device": [
              {
                "delete_on_termination": true,
                "device_name": "/dev/xvda",
                "encrypted": false,
                "iops": 3000,
                "kms_key_id": "",
                "tags": {},
                "tags_all": {},
                "throughput": 125,
                "volume_id": "vol-001a47b38dd1dd0c7",
                "volume_size": 8,
                "volume_type": "gp3"
              }
            ],
            "secondary_private_ips": [],
            "security_groups": [
              "Railway-Default"
            ],
            "source_dest_check": true,
            "spot_instance_request_id": "",
            "subnet_id": "subnet-0654a60d848a01c86",
            "tags": {
              "Name": "Akka-Worker-2"
            },
            "tags_all": {
              "Name": "Akka-Worker-2"
            },
            "tenancy": "default",
            "timeouts": null,
            "user_data": "e7276f100679a6fc1a53c081ec3ff6fdd190f24d",
            "user_data_base64": null,
            "user_data_replace_on_change": false,
            "volume_tags": null,
            "vpc_security_group_ids": [
              "sg-0b959d377d6b608bb"
            ]
          },
          "sensitive_attributes": [],
          "identity_schema_version": 0,
          "private": "eyJlMmJmYjczMC1lY2FhLTExZTYtOGY4OC0zNDM2M2JjN2M0YzAiOnsiY3JlYXRlIjo2MDAwMDAwMDAwMDAsImRlbGV0ZSI6MTIwMDAwMDAwMDAwMCwicmVhZCI6OTAwMDAwMDAwMDAwLCJ1cGRhdGUiOjYwMDAwMDAwMDAwMH0sInNjaGVtYV92ZXJzaW9uIjoiMSJ9",
          "dependencies": [
            "aws_instance.Akka-Seed-Node",
            "aws_instance.Nats-Server",
            "aws_instance.OpenTelemetry",
            "aws_instance.Railway-Service",
            "aws_key_pair.railway-crossing-node",
            "aws_security_group.Railway-Default",
            "tls_private_key.railway-crossing-key"
          ]
        }
      ]
    },
    {
      "mode": "managed",
      "type": "aws_instance",
      "name": "Nats-Server",
      "provider": "provider[\"registry.terraform.io/hashicorp/aws\"]",
      "instances": [
        {
          "schema_version": 1,
          "attributes": {
            "ami": "ami-068c0051b15cdb816",
            "arn": "arn:aws:ec2:us-east-1:730335597787:instance/i-076398ca115fb14f5",
            "associate_public_ip_address": true,
            "availability_zone": "us-east-1f",
            "capacity_reservation_specification": [
              {
                "capacity_reservation_preference": "open",
                "capacity_reservation_target": []
              }
            ],
            "cpu_core_count": 1,
            "cpu_options": [
              {
                "amd_sev_snp": "",
                "core_count": 1,
                "threads_per_core": 2
              }
            ],
            "cpu_threads_per_core": 2,
            "credit_specification": [
              {
                "cpu_credits": "unlimited"
              }
            ],
            "disable_api_stop": false,
            "disable_api_termination": false,
            "ebs_block_device": [],
            "ebs_optimized": false,
            "enable_primary_ipv6": null,
            "enclave_options": [
              {
                "enabled": false
              }
            ],
            "ephemeral_block_device": [],
            "get_password_data": false,
            "hibernation": false,
            "host_id": "",
            "host_resource_group_arn": null,
            "iam_instance_profile": "",
            "id": "i-076398ca115fb14f5",
            "instance_initiated_shutdown_behavior": "stop",
            "instance_lifecycle": "",
            "instance_market_options": [],
            "instance_state": "running",
            "instance_type": "t3.small",
            "ipv6_address_count": 0,
            "ipv6_addresses": [],
            "key_name": "railway-crossing-node",
            "launch_template": [],
            "maintenance_options": [
              {
                "auto_recovery": "default"
              }
            ],
            "metadata_options": [
              {
                "http_endpoint": "enabled",
                "http_protocol_ipv6": "disabled",
                "http_put_response_hop_limit": 2,
                "http_tokens": "required",
                "instance_metadata_tags": "disabled"
              }
            ],
            "monitoring": false,
            "network_interface": [],
            "outpost_arn": "",
            "password_data": "",
            "placement_group": "",
            "placement_partition_number": 0,
            "primary_network_interface_id": "eni-014f4e2306fc6015d",
            "private_dns": "ip-172-31-69-23.ec2.internal",
            "private_dns_name_options": [
              {
                "enable_resource_name_dns_a_record": false,
                "enable_resource_name_dns_aaaa_record": false,
                "hostname_type": "ip-name"
              }
            ],
            "private_ip": "172.31.69.23",
            "public_dns": "ec2-44-200-117-162.compute-1.amazonaws.com",
            "public_ip": "44.200.117.162",
            "root_block_device": [
              {
                "delete_on_termination": true,
                "device_name": "/dev/xvda",
                "encrypted": false,
                "iops": 3000,
                "kms_key_id": "",
                "tags": {},
                "tags_all": {},
                "throughput": 125,
                "volume_id": "vol-05918507e5e5498a6",
                "volume_size": 8,
                "volume_type": "gp3"
              }
            ],
            "secondary_private_ips": [],
            "security_groups": [
              "Railway-Default"
            ],
            "source_dest_check": true,
            "spot_instance_request_id": "",
            "subnet_id": "subnet-0654a60d848a01c86",
            "tags": {
              "Name": "Nats"
            },
            "tags_all": {
              "Name": "Nats"
            },
            "tenancy": "default",
            "timeouts": null,
            "user_data": "e1a5fd8e47e1e1b828ab8109648a884c60a55923",
            "user_data_base64": null,
            "user_data_replace_on_change": false,
            "volume_tags": null,
            "vpc_security_group_ids": [
              "sg-0b959d377d6b608bb"
            ]
          },
          "sensitive_attributes": [],
          "identity_schema_version": 0,
          "private": "eyJlMmJmYjczMC1lY2FhLTExZTYtOGY4OC0zNDM2M2JjN2M0YzAiOnsiY3JlYXRlIjo2MDAwMDAwMDAwMDAsImRlbGV0ZSI6MTIwMDAwMDAwMDAwMCwicmVhZCI6OTAwMDAwMDAwMDAwLCJ1cGRhdGUiOjYwMDAwMDAwMDAwMH0sInNjaGVtYV92ZXJzaW9uIjoiMSJ9",
          "dependencies": [
            "aws_key_pair.railway-crossing-node",
            "aws_security_group.Railway-Default",
            "tls_private_key.railway-crossing-key"
          ]
        }
      ]
    },
    {
      "mode": "managed",
      "type": "aws_instance",
      "name": "OpenTelemetry",
      "provider": "provider[\"registry.terraform.io/hashicorp/aws\"]",
      "instances": [
        {
          "schema_version": 1,
          "attributes": {
            "ami": "ami-068c0051b15cdb816",
            "arn": "arn:aws:ec2:us-east-1:730335597787:instance/i-0af9a9a3a1c7a57e0",
            "associate_public_ip_address": true,
            "availability_zone": "us-east-1f",
            "capacity_reservation_specification": [
              {
                "capacity_reservation_preference": "open",
                "capacity_reservation_target": []
              }
            ],
            "cpu_core_count": 1,
            "cpu_options": [
              {
                "amd_sev_snp": "",
                "core_count": 1,
                "threads_per_core": 2
              }
            ],
            "cpu_threads_per_core": 2,
            "credit_specification": [
              {
                "cpu_credits": "unlimited"
              }
            ],
            "disable_api_stop": false,
            "disable_api_termination": false,
            "ebs_block_device": [],
            "ebs_optimized": false,
            "enable_primary_ipv6": null,
            "enclave_options": [
              {
                "enabled": false
              }
            ],
            "ephemeral_block_device": [],
            "get_password_data": false,
            "hibernation": false,
            "host_id": "",
            "host_resource_group_arn": null,
            "iam_instance_profile": "",
            "id": "i-0af9a9a3a1c7a57e0",
            "instance_initiated_shutdown_behavior": "stop",
            "instance_lifecycle": "",
            "instance_market_options": [],
            "instance_state": "running",
            "instance_type": "t3.small",
            "ipv6_address_count": 0,
            "ipv6_addresses": [],
            "key_name": "railway-crossing-node",
            "launch_template": [],
            "maintenance_options": [
              {
                "auto_recovery": "default"
              }
            ],
            "metadata_options": [
              {
                "http_endpoint": "enabled",
                "http_protocol_ipv6": "disabled",
                "http_put_response_hop_limit": 2,
                "http_tokens": "required",
                "instance_metadata_tags": "disabled"
              }
            ],
            "monitoring": false,
            "network_interface": [],
            "outpost_arn": "",
            "password_data": "",
            "placement_group": "",
            "placement_partition_number": 0,
            "primary_network_interface_id": "eni-093770bec5c17a0b2",
            "private_dns": "ip-172-31-67-138.ec2.internal",
            "private_dns_name_options": [
              {
                "enable_resource_name_dns_a_record": false,
                "enable_resource_name_dns_aaaa_record": false,
                "hostname_type": "ip-name"
              }
            ],
            "private_ip": "172.31.67.138",
            "public_dns": "ec2-44-210-16-95.compute-1.amazonaws.com",
            "public_ip": "44.210.16.95",
            "root_block_device": [
              {
                "delete_on_termination": true,
                "device_name": "/dev/xvda",
                "encrypted": false,
                "iops": 3000,
                "kms_key_id": "",
                "tags": {},
                "tags_all": {},
                "throughput": 125,
                "volume_id": "vol-029255486939c80a3",
                "volume_size": 8,
                "volume_type": "gp3"
              }
            ],
            "secondary_private_ips": [],
            "security_groups": [
              "Railway-Default"
            ],
            "source_dest_check": true,
            "spot_instance_request_id": "",
            "subnet_id": "subnet-0654a60d848a01c86",
            "tags": {
              "Name": "OpenTelemetry"
            },
            "tags_all": {
              "Name": "OpenTelemetry"
            },
            "tenancy": "default",
            "timeouts": null,
            "user_data": "e4f16be14cbf54dc55ee16720a6b0bc5e9145bd9",
            "user_data_base64": null,
            "user_data_replace_on_change": false,
            "volume_tags": null,
            "vpc_security_group_ids": [
              "sg-0b959d377d6b608bb"
            ]
          },
          "sensitive_attributes": [],
          "identity_schema_version": 0,
          "private": "eyJlMmJmYjczMC1lY2FhLTExZTYtOGY4OC0zNDM2M2JjN2M0YzAiOnsiY3JlYXRlIjo2MDAwMDAwMDAwMDAsImRlbGV0ZSI6MTIwMDAwMDAwMDAwMCwicmVhZCI6OTAwMDAwMDAwMDAwLCJ1cGRhdGUiOjYwMDAwMDAwMDAwMH0sInNjaGVtYV92ZXJzaW9uIjoiMSJ9",
          "dependencies": [
            "aws_key_pair.railway-crossing-node",
            "aws_security_group.Railway-Default",
            "tls_private_key.railway-crossing-key"
          ]
        }
      ]
    },
    {
      "mode": "managed",
      "type": "aws_instance",
      "name": "Railway-Service",
      "provider": "provider[\"registry.terraform.io/hashicorp/aws\"]",
      "instances": [
        {
          "schema_version": 1,
          "attributes": {
            "ami": "ami-068c0051b15cdb816",
            "arn": "arn:aws:ec2:us-east-1:730335597787:instance/i-032d8057cf2c0da23",
            "associate_public_ip_address": true,
            "availability_zone": "us-east-1f",
            "capacity_reservation_specification": [
              {
                "capacity_reservation_preference": "open",
                "capacity_reservation_target": []
              }
            ],
            "cpu_core_count": 1,
            "cpu_options": [
              {
                "amd_sev_snp": "",
                "core_count": 1,
                "threads_per_core": 2
              }
            ],
            "cpu_threads_per_core": 2,
            "credit_specification": [
              {
                "cpu_credits": "unlimited"
              }
            ],
            "disable_api_stop": false,
            "disable_api_termination": false,
            "ebs_block_device": [],
            "ebs_optimized": false,
            "enable_primary_ipv6": null,
            "enclave_options": [
              {
                "enabled": false
              }
            ],
            "ephemeral_block_device": [],
            "get_password_data": false,
            "hibernation": false,
            "host_id": "",
            "host_resource_group_arn": null,
            "iam_instance_profile": "",
            "id": "i-032d8057cf2c0da23",
            "instance_initiated_shutdown_behavior": "stop",
            "instance_lifecycle": "",
            "instance_market_options": [],
            "instance_state": "running",
            "instance_type": "t3.small",
            "ipv6_address_count": 0,
            "ipv6_addresses": [],
            "key_name": "railway-crossing-node",
            "launch_template": [],
            "maintenance_options": [
              {
                "auto_recovery": "default"
              }
            ],
            "metadata_options": [
              {
                "http_endpoint": "enabled",
                "http_protocol_ipv6": "disabled",
                "http_put_response_hop_limit": 2,
                "http_tokens": "required",
                "instance_metadata_tags": "disabled"
              }
            ],
            "monitoring": false,
            "network_interface": [],
            "outpost_arn": "",
            "password_data": "",
            "placement_group": "",
            "placement_partition_number": 0,
            "primary_network_interface_id": "eni-0b83c873308e423ab",
            "private_dns": "ip-172-31-65-42.ec2.internal",
            "private_dns_name_options": [
              {
                "enable_resource_name_dns_a_record": false,
                "enable_resource_name_dns_aaaa_record": false,
                "hostname_type": "ip-name"
              }
            ],
            "private_ip": "172.31.65.42",
            "public_dns": "ec2-3-239-59-185.compute-1.amazonaws.com",
            "public_ip": "3.239.59.185",
            "root_block_device": [
              {
                "delete_on_termination": true,
                "device_name": "/dev/xvda",
                "encrypted": false,
                "iops": 3000,
                "kms_key_id": "",
                "tags": {},
                "tags_all": {},
                "throughput": 125,
                "volume_id": "vol-0c17223c53a18640e",
                "volume_size": 8,
                "volume_type": "gp3"
              }
            ],
            "secondary_private_ips": [],
            "security_groups": [
              "Railway-Default"
            ],
            "source_dest_check": true,
            "spot_instance_request_id": "",
            "subnet_id": "subnet-0654a60d848a01c86",
            "tags": {
              "Name": "Railway-Service"
            },
            "tags_all": {
              "Name": "Railway-Service"
            },
            "tenancy": "default",
            "timeouts": null,
            "user_data": "f3963265bfea229e12b572930d8e0b0ad32620b4",
            "user_data_base64": null,
            "user_data_replace_on_change": false,
            "volume_tags": null,
            "vpc_security_group_ids": [
              "sg-0b959d377d6b608bb"
            ]
          },
          "sensitive_attributes": [],
          "identity_schema_version": 0,
          "private": "eyJlMmJmYjczMC1lY2FhLTExZTYtOGY4OC0zNDM2M2JjN2M0YzAiOnsiY3JlYXRlIjo2MDAwMDAwMDAwMDAsImRlbGV0ZSI6MTIwMDAwMDAwMDAwMCwicmVhZCI6OTAwMDAwMDAwMDAwLCJ1cGRhdGUiOjYwMDAwMDAwMDAwMH0sInNjaGVtYV92ZXJzaW9uIjoiMSJ9",
          "dependencies": [
            "aws_instance.OpenTelemetry",
            "aws_key_pair.railway-crossing-node",
            "aws_security_group.Railway-Default",
            "tls_private_key.railway-crossing-key"
          ]
        }
      ]
    },
    {
      "mode": "managed",
      "type": "aws_instance",
      "name": "Simulate_Sensors",
      "provider": "provider[\"registry.terraform.io/hashicorp/aws\"]",
      "instances": [
        {
          "schema_version": 1,
          "attributes": {
            "ami": "ami-068c0051b15cdb816",
            "arn": "arn:aws:ec2:us-east-1:730335597787:instance/i-0723807e8ea0dda7c",
            "associate_public_ip_address": true,
            "availability_zone": "us-east-1f",
            "capacity_reservation_specification": [
              {
                "capacity_reservation_preference": "open",
                "capacity_reservation_target": []
              }
            ],
            "cpu_core_count": 1,
            "cpu_options": [
              {
                "amd_sev_snp": "",
                "core_count": 1,
                "threads_per_core": 2
              }
            ],
            "cpu_threads_per_core": 2,
            "credit_specification": [
              {
                "cpu_credits": "unlimited"
              }
            ],
            "disable_api_stop": false,
            "disable_api_termination": false,
            "ebs_block_device": [],
            "ebs_optimized": false,
            "enable_primary_ipv6": null,
            "enclave_options": [
              {
                "enabled": false
              }
            ],
            "ephemeral_block_device": [],
            "get_password_data": false,
            "hibernation": false,
            "host_id": "",
            "host_resource_group_arn": null,
            "iam_instance_profile": "",
            "id": "i-0723807e8ea0dda7c",
            "instance_initiated_shutdown_behavior": "stop",
            "instance_lifecycle": "",
            "instance_market_options": [],
            "instance_state": "running",
            "instance_type": "t3.small",
            "ipv6_address_count": 0,
            "ipv6_addresses": [],
            "key_name": "railway-crossing-node",
            "launch_template": [],
            "maintenance_options": [
              {
                "auto_recovery": "default"
              }
            ],
            "metadata_options": [
              {
                "http_endpoint": "enabled",
                "http_protocol_ipv6": "disabled",
                "http_put_response_hop_limit": 2,
                "http_tokens": "required",
                "instance_metadata_tags": "disabled"
              }
            ],
            "monitoring": false,
            "network_interface": [],
            "outpost_arn": "",
            "password_data": "",
            "placement_group": "",
            "placement_partition_number": 0,
            "primary_network_interface_id": "eni-0091f7e5d7fed84a4",
            "private_dns": "ip-172-31-66-234.ec2.internal",
            "private_dns_name_options": [
              {
                "enable_resource_name_dns_a_record": false,
                "enable_resource_name_dns_aaaa_record": false,
                "hostname_type": "ip-name"
              }
            ],
            "private_ip": "172.31.66.234",
            "public_dns": "ec2-98-82-119-95.compute-1.amazonaws.com",
            "public_ip": "98.82.119.95",
            "root_block_device": [
              {
                "delete_on_termination": true,
                "device_name": "/dev/xvda",
                "encrypted": false,
                "iops": 3000,
                "kms_key_id": "",
                "tags": {},
                "tags_all": {},
                "throughput": 125,
                "volume_id": "vol-084f4c08ea4e0c965",
                "volume_size": 8,
                "volume_type": "gp3"
              }
            ],
            "secondary_private_ips": [],
            "security_groups": [
              "Railway-Default"
            ],
            "source_dest_check": true,
            "spot_instance_request_id": "",
            "subnet_id": "subnet-0654a60d848a01c86",
            "tags": {
              "Name": "Simulate-Sensors"
            },
            "tags_all": {
              "Name": "Simulate-Sensors"
            },
            "tenancy": "default",
            "timeouts": null,
            "user_data": "1b50c2d5b2458c156e080ce361d237b4f8f257d7",
            "user_data_base64": null,
            "user_data_replace_on_change": false,
            "volume_tags": null,
            "vpc_security_group_ids": [
              "sg-0b959d377d6b608bb"
            ]
          },
          "sensitive_attributes": [],
          "identity_schema_version": 0,
          "private": "eyJlMmJmYjczMC1lY2FhLTExZTYtOGY4OC0zNDM2M2JjN2M0YzAiOnsiY3JlYXRlIjo2MDAwMDAwMDAwMDAsImRlbGV0ZSI6MTIwMDAwMDAwMDAwMCwicmVhZCI6OTAwMDAwMDAwMDAwLCJ1cGRhdGUiOjYwMDAwMDAwMDAwMH0sInNjaGVtYV92ZXJzaW9uIjoiMSJ9",
          "dependencies": [
            "aws_instance.Akka-Seed-Node",
            "aws_instance.Nats-Server",
            "aws_instance.OpenTelemetry",
            "aws_instance.Railway-Service",
            "aws_key_pair.railway-crossing-node",
            "aws_security_group.Railway-Default",
            "null_resource.wait_for_crossing0",
            "tls_private_key.railway-crossing-key"
          ]
        }
      ]
    },
    {
      "mode": "managed",
      "type": "aws_key_pair",
      "name": "railway-crossing-node",
      "provider": "provider[\"registry.terraform.io/hashicorp/aws\"]",
      "instances": [
        {
          "schema_version": 1,
          "attributes": {
            "arn": "arn:aws:ec2:us-east-1:730335597787:key-pair/railway-crossing-node",
            "fingerprint": "c3:e0:ad:03:44:a4:c9:23:8b:10:50:03:4a:d7:3a:7a",
            "id": "railway-crossing-node",
            "key_name": "railway-crossing-node",
            "key_name_prefix": "",
            "key_pair_id": "key-00ee261171d38a4d8",
            "key_type": "rsa",
            "public_key": "ssh-rsa AAAAB3NzaC1yc2EAAAADAQABAAACAQCzggNuYv5rflR3AL1zuoXKE0SM0iTcfa/kGLbYAlhmlpD78kjvoJTW29VqZWpNqFjpXaqhQe9x1hbA3jwNcAOD4aF4JhTYkEKN1ctYYaCJboC1XLF/igCi/KkiTghD725XDpCYEKOhDuMvhupSFM+i06dLK/WjEC/cSwKF8SxFnCVMvF4LOW2M4DLyo/aHL0ftbLl9+m9gSP6Gd47BgggmWTvxLozKgjAqT6+e78D1ovI+rs6Z8aeJBhaTx9DyB2pA5YGBi6HTBzhvfANA1Xa+8efVUP5lI7HwW8Z46BSr9JEvIwxSE5wKqSJjZhE3gbqevl8tWw1oDk8ltrEzniSItnNgev9NKR46I3bXCOxOUv0OB3uLNjkPNVBT91ZRG9S9qjATCGT5d0sFYWbVCNXI3m9ZJNiCuMLh3mu3iZX7cNDgKn77Ut57mwNjKJfBrZpjZmvlWPecLOqwjb8WwCMKfXNXBUcxhUoXT6gOlj7hwoCog1G1ZvOYfEsW/AgxDCnJ0EGFeU/biGY1xFdt49Ub+WS+Tqz5TJa7kFCdlKAt1Uo5WxSeL+r+CF9umXnWV79nk7USYFhD1Ah3bfxOJ2dTl12g2NBv505FfC8cYsB/fSFQcanxbQVZLldWoU/Rvzl2hZmNhU/reM3FTcb2lNGi1ifklHdKNg7qGDGzCgdC4Q==",
            "tags": null,
            "tags_all": {}
          },
          "sensitive_attributes": [],
          "identity_schema_version": 0,
          "private": "eyJzY2hlbWFfdmVyc2lvbiI6IjEifQ==",
          "dependencies": [
            "tls_private_key.railway-crossing-key"
          ]
        }
      ]
    },
    {
      "mode": "managed",
      "type": "aws_security_group",
      "name": "Railway-Default",
      "provider": "provider[\"registry.terraform.io/hashicorp/aws\"]",
      "instances": [
        {
          "schema_version": 1,
          "attributes": {
            "arn": "arn:aws:ec2:us-east-1:730335597787:security-group/sg-0b959d377d6b608bb",
            "description": "Security Rules for Nodes within the Railway-Use-Case",
            "egress": [
              {
                "cidr_blocks": [
                  "0.0.0.0/0"
                ],
                "description": "",
                "from_port": 0,
                "ipv6_cidr_blocks": [],
                "prefix_list_ids": [],
                "protocol": "-1",
                "security_groups": [],
                "self": false,
                "to_port": 0
              }
            ],
            "id": "sg-0b959d377d6b608bb",
            "ingress": [
              {
                "cidr_blocks": [
                  "0.0.0.0/0"
                ],
                "description": "",
                "from_port": 22,
                "ipv6_cidr_blocks": [],
                "prefix_list_ids": [],
                "protocol": "tcp",
                "security_groups": [],
                "self": false,
                "to_port": 22
              },
              {
                "cidr_blocks": [
                  "0.0.0.0/0"
                ],
                "description": "",
                "from_port": 2551,
                "ipv6_cidr_blocks": [],
                "prefix_list_ids": [],
                "protocol": "tcp",
                "security_groups": [],
                "self": false,
                "to_port": 2551
              },
              {
                "cidr_blocks": [
                  "0.0.0.0/0"
                ],
                "description": "",
                "from_port": 4222,
                "ipv6_cidr_blocks": [],
                "prefix_list_ids": [],
                "protocol": "tcp",
                "security_groups": [],
                "self": false,
                "to_port": 4222
              },
              {
                "cidr_blocks": [
                  "0.0.0.0/0"
                ],
                "description": "",
                "from_port": 4317,
                "ipv6_cidr_blocks": [],
                "prefix_list_ids": [],
                "protocol": "tcp",
                "security_groups": [],
                "self": false,
                "to_port": 4317
              },
              {
                "cidr_blocks": [
                  "0.0.0.0/0"
                ],
                "description": "",
                "from_port": 8000,
                "ipv6_cidr_blocks": [],
                "prefix_list_ids": [],
                "protocol": "tcp",
                "security_groups": [],
                "self": false,
                "to_port": 8000
              },
              {
                "cidr_blocks": [
                  "0.0.0.0/0"
                ],
                "description": "",
                "from_port": 8086,
                "ipv6_cidr_blocks": [],
                "prefix_list_ids": [],
                "protocol": "tcp",
                "security_groups": [],
                "self": false,
                "to_port": 8086
              }
            ],
            "name": "Railway-Default",
            "name_prefix": "",
            "owner_id": "730335597787",
            "revoke_rules_on_delete": false,
            "tags": null,
            "tags_all": {},
            "timeouts": null,
            "vpc_id": "vpc-08628a47de392b527"
          },
          "sensitive_attributes": [],
          "identity_schema_version": 0,
          "private": "eyJlMmJmYjczMC1lY2FhLTExZTYtOGY4OC0zNDM2M2JjN2M0YzAiOnsiY3JlYXRlIjo2MDAwMDAwMDAwMDAsImRlbGV0ZSI6OTAwMDAwMDAwMDAwfSwic2NoZW1hX3ZlcnNpb24iOiIxIn0="
        }
      ]
    },
    {
      "mode": "managed",
      "type": "local_file",
      "name": "private_key",
      "provider": "provider[\"registry.terraform.io/hashicorp/local\"]",
      "instances": [
        {
          "schema_version": 0,
          "attributes": {
            "content": "-----BEGIN RSA PRIVATE KEY-----\nMIIJKAIBAAKCAgEAs4IDbmL+a35UdwC9c7qFyhNEjNIk3H2v5Bi22AJYZpaQ+/JI\n76CU1tvVamVqTahY6V2qoUHvcdYWwN48DXADg+GheCYU2JBCjdXLWGGgiW6AtVyx\nf4oAovypIk4IQ+9uVw6QmBCjoQ7jL4bqUhTPotOnSyv1oxAv3EsChfEsRZwlTLxe\nCzltjOAy8qP2hy9H7Wy5ffpvYEj+hneOwYIIJlk78S6MyoIwKk+vnu/A9aLyPq7O\nmfGniQYWk8fQ8gdqQOWBgYuh0wc4b3wDQNV2vvHn1VD+ZSOx8FvGeOgUq/SRLyMM\nUhOcCqkiY2YRN4G6nr5fLVsNaA5PJbaxM54kiLZzYHr/TSkeOiN21wjsTlL9Dgd7\nizY5DzVQU/dWURvUvaowEwhk+XdLBWFm1QjVyN5vWSTYgrjC4d5rt4mV+3DQ4Cp+\n+1Lee5sDYyiXwa2aY2Zr5Vj3nCzqsI2/FsAjCn1zVwVHMYVKF0+oDpY+4cKAqINR\ntWbzmHxLFvwIMQwpydBBhXlP24hmNcRXbePVG/lkvk6s+UyWu5BQnZSgLdVKOVsU\nni/q/ghfbpl51le/Z5O1EmBYQ9QId238TidnU5ddoNjQb+dORXwvHGLAf30hUHGp\n8W0FWS5XVqFP0b85doWZjYVP63jNxU3G9pTRotYn5JR3SjYO6hgxswoHQuECAwEA\nAQKCAgAzA1k3RyG3aaTWVtsAJvs7dKNQA65fDMbuIwnfNDdsHBDi0LVih/eUYc/y\nFxURMazm0OwbPLIv3yADOoTFatZM5dOt4eCdtM19IktR+BiXxdQE9m0o6g6JQxVL\nvvJBYCsyyVxVIrFlpWXxzT0NC4YAZ3bM+ZaqewCm8ZgreWDT/W5qMsPlG7JizRod\nc3QtccXWlsXWI9QAAG54x0RGAM6RG13aChkPudS3SYMGv2rOQ7rlDmd/PzoVyimj\nYK8kAPB0teRKbOSVpKEoqY0BIUjINdXk/Mn28yBvxp0OIiIxxeR2iVbIgnMfYnZ3\n2fs9k3v1/fLtYElcj2h1tsf/+8q0pzXuTWK7ZKaEFLt4ueH+2OMm29kRIUWsawbg\nqpSoL9Uqds3dJ0aUApeUhIBXeh8pFKqx10RzYOXAKmXf0K/vCpSmjKNbd5UQa84b\nlazUCuCmgh5644E9cIlzV/QKpKmoWgCvLIjc/pKo3vGt9UDh+lxK5/0NeJ17NLdl\nt/tdrMXv6ZiKbgeXt7002kF82i61FDW/zeDCEysgeZqUISWSCx55GftQ5qFW/tLF\nI45pr28K6pRshPpsVL9lvsx1YggOVbAzUwpLuOWS+PnaQJ383w7eC2cJKfN6cybs\nyiw/TZUyQpf1i0HSN5/11EUCHBUnpKMGLS3ZSplRkWkv1ZsXYwKCAQEAxo/A8tIZ\nkL1+pO/QjVPnvB5cJHLIpBmMHyRwS5Chxn7IdJEQw9qlz+AmaIwDkU5c6HNWwBt5\nMpIDIpDW2chirA7lbtRUbpwmY580mKn8BFPw0pEpVoGX5V2SDePoaQU9rq9xbB6a\nHTX1j5DePRKXc8s0Z21WxDDOZkOL40VXjoPLLLh73K0CZ2qH+PasNKDD+mwVDPWJ\nbBKFzf2vFh0tmUmQaoxuLvQV1gB/+6+hKH5Chl5qcH5VaSd3/QL2YIH37YCOyiXC\nQfm8GX3k8zTNJNuO8tv94DRCgAdCdLId53+/dQ2fZ+LC8saQK6TLnFpXC/R0yaBU\nwu3saEX0CapvrwKCAQEA529DCQSblI7S/s/bBaS/bVMbjBiTCOY0g/jUYwG/ktdf\ne1/LbcXt8yxzsEnHGnphqT9OcKpVrOjkSO4AWupVyZDi3D6M319JkanWf7QgyHl1\nRJeU2zIYS7e0LjsoEBAIrFwzGu9EH9vImoKYpFkzMPsVcOMM+PHeoDB1DQV93o7w\n8rA+6lFM8UYro/Aa7jZXD/vJvDUOaOwhL56HGwUuLPHABMQo94ZmVB5s/k1SOUWN\nW124QQSuky8Xj8nJ1DkOJLLBXm3izaJkXJzCph5FK/7XnV9+MUxg9XsjCdxFiCWX\nNLGeMlP6KUkzFQXMlIGb2/pscUub5krrN5j7aHwKbwKCAQBwUoeSlNlTcG6AvQxb\ntjgjyYTUNX5cnfsO7tz7UhDBqZyZnCpAsKIVqrXvdCzceNjDweMz/xabTc+qMQbo\n4Zs3u6F8BW7Rt1FcD4aAScA/boCPjQA2aE7VuA3T/7XMGuPeum5N/C2wEoMbuJaP\nM8IrBataSpbHmthXLySl5ub1voYjgSTIG7J9b90FL/0QNFVIhvWNhCQ912iLs1Ll\nDpJp4RxpuZDmzLrBeTzs0lg3AN1/B0/s3PpR5rrQjGl1BHCMkKm1npB6I9yNCxOF\npLvberwtk9bUipuHsxOb0dpqx3A1tgQTj0o6barGlY18n/oX0Cx0llb8gfy2q8O1\n6A0PAoIBAQCS32pEc9ckfUtsCI8v0rDleYOW8hWF5UpYonZu6rIgR2xCCLY6UQ1E\ncOZubzPbGuWVmiZ2m7LJi/csTVaOW/7bb4Z5TXzrWTaAKa+F1dOkRmhkgmomfXEr\nxEalvEcdgn9umwiXxFaQfVOestiaHD2/jOi7fmxCJIUrVfVCsUSDFGXXLoCPBc91\noxmY7Yy5tmSkMR+CwI0Hiys4ZDvLqwr13OoGXFK/W1zfb3uuG3XeAMTHwf9ny8fa\ngl1KlD3w39CY+5R6D/SKmc9lctqYv8cYN5+wMOUN9jHmOCIxZMf/shN2jm4d9Gti\n/iBb7BU7/dDi1tcxQ1GJ4evKmdybH3UjAoIBADhUytvrki2chMdMOc99KSGwx+Fz\nJWOkCIhVxNXjxXVUoVu6W74kLRTY+vgeBYfvS2yDR7u6Wn4YcYml7N/QAsg/0l0v\nVmfmfe6mWmYuzF2hcrYdU9Oi7L/jcNURc0WGYJQATNqsxeDM63XtsMdFiohfqE7i\n/wa+sxsvfiy9rMfFvj5aUQ3GGvTGYUZAyklAtiNGXy0C7gIkuqqr9lkTb+nRX4wG\n6m1rt7IV+xIfjI7CgS9LdganOfKYTUMUYiFcMn3arxuBKIgNTKmndoaAigbCvKhp\nSUKnHLDwIjuQkSTejboxSEvUrwVeAG6e9YrrXMU6jwvLcntFSbLJOkW5zTY=\n-----END RSA PRIVATE KEY-----\n",
            "content_base64": null,
            "content_base64sha256": "O3c/Piv+xHTtwTpIKpXR8uAl28O40yF6+c01XUrv5OQ=",
            "content_base64sha512": "1ExdBuYoTU0ti2J0RkTdlpY+0UR9EtSTj7hlPUFlQlm00URYVY/aSSWbCRFymKPDxOhwDcuRv0ceuN2wTfXqJw==",
            "content_md5": "7fe1b2816de0a2ca54ac85f2a60fcdee",
            "content_sha1": "6d3bdf0dfed25116b17fc06249dab03c6922c5b9",
            "content_sha256": "3b773f3e2bfec474edc13a482a95d1f2e025dbc3b8d3217af9cd355d4aefe4e4",
            "content_sha512": "d44c5d06e6284d4d2d8b62744644dd96963ed1447d12d4938fb8653d41654259b4d14458558fda49259b09117298a3c3c4e8700dcb91bf471eb8ddb04df5ea27",
            "directory_permission": "0777",
            "file_permission": "0400",
            "filename": "./railway-crossing-key.pem",
            "id": "6d3bdf0dfed25116b17fc06249dab03c6922c5b9",
            "sensitive_content": null,
            "source": null
          },
          "sensitive_attributes": [
            [
              {
                "type": "get_attr",
                "value": "content"
              }
            ],
            [
              {
                "type": "get_attr",
                "value": "sensitive_content"
              }
            ]
          ],
          "identity_schema_version": 0,
          "dependencies": [
            "tls_private_key.railway-crossing-key"
          ]
        }
      ]
    },
    {
      "mode": "managed",
      "type": "null_resource",
      "name": "wait_for_crossing0",
      "provider": "provider[\"registry.terraform.io/hashicorp/null\"]",
      "instances": [
        {
          "schema_version": 0,
          "attributes": {
            "id": "868687427541341601",
            "triggers": null
          },
          "sensitive_attributes": [],
          "identity_schema_version": 0,
          "dependencies": [
            "aws_instance.Akka-Seed-Node",
            "aws_instance.Nats-Server",
            "aws_instance.OpenTelemetry",
            "aws_instance.Railway-Service",
            "aws_key_pair.railway-crossing-node",
            "aws_security_group.Railway-Default",
            "tls_private_key.railway-crossing-key"
          ]
        }
      ]
    },
    {
      "mode": "managed",
      "type": "tls_private_key",
      "name": "railway-crossing-key",
      "provider": "provider[\"registry.terraform.io/hashicorp/tls\"]",
      "instances": [
        {
          "schema_version": 1,
          "attributes": {
            "algorithm": "RSA",
            "ecdsa_curve": "P224",
            "id": "2efaa2c919c7ff90615726f0db54479be2e5a34d",
            "private_key_openssh": "-----BEGIN OPENSSH PRIVATE KEY-----\nb3BlbnNzaC1rZXktdjEAAAAABG5vbmUAAAAEbm9uZQAAAAAAAAABAAACFwAAAAdz\nc2gtcnNhAAAAAwEAAQAAAgEAs4IDbmL+a35UdwC9c7qFyhNEjNIk3H2v5Bi22AJY\nZpaQ+/JI76CU1tvVamVqTahY6V2qoUHvcdYWwN48DXADg+GheCYU2JBCjdXLWGGg\niW6AtVyxf4oAovypIk4IQ+9uVw6QmBCjoQ7jL4bqUhTPotOnSyv1oxAv3EsChfEs\nRZwlTLxeCzltjOAy8qP2hy9H7Wy5ffpvYEj+hneOwYIIJlk78S6MyoIwKk+vnu/A\n9aLyPq7OmfGniQYWk8fQ8gdqQOWBgYuh0wc4b3wDQNV2vvHn1VD+ZSOx8FvGeOgU\nq/SRLyMMUhOcCqkiY2YRN4G6nr5fLVsNaA5PJbaxM54kiLZzYHr/TSkeOiN21wjs\nTlL9Dgd7izY5DzVQU/dWURvUvaowEwhk+XdLBWFm1QjVyN5vWSTYgrjC4d5rt4mV\n+3DQ4Cp++1Lee5sDYyiXwa2aY2Zr5Vj3nCzqsI2/FsAjCn1zVwVHMYVKF0+oDpY+\n4cKAqINRtWbzmHxLFvwIMQwpydBBhXlP24hmNcRXbePVG/lkvk6s+UyWu5BQnZSg\nLdVKOVsUni/q/ghfbpl51le/Z5O1EmBYQ9QId238TidnU5ddoNjQb+dORXwvHGLA\nf30hUHGp8W0FWS5XVqFP0b85doWZjYVP63jNxU3G9pTRotYn5JR3SjYO6hgxswoH\nQuEAAAc4t/71TLf+9UwAAAAHc3NoLXJzYQAAAgEAs4IDbmL+a35UdwC9c7qFyhNE\njNIk3H2v5Bi22AJYZpaQ+/JI76CU1tvVamVqTahY6V2qoUHvcdYWwN48DXADg+Gh\neCYU2JBCjdXLWGGgiW6AtVyxf4oAovypIk4IQ+9uVw6QmBCjoQ7jL4bqUhTPotOn\nSyv1oxAv3EsChfEsRZwlTLxeCzltjOAy8qP2hy9H7Wy5ffpvYEj+hneOwYIIJlk7\n8S6MyoIwKk+vnu/A9aLyPq7OmfGniQYWk8fQ8gdqQOWBgYuh0wc4b3wDQNV2vvHn\n1VD+ZSOx8FvGeOgUq/SRLyMMUhOcCqkiY2YRN4G6nr5fLVsNaA5PJbaxM54kiLZz\nYHr/TSkeOiN21wjsTlL9Dgd7izY5DzVQU/dWURvUvaowEwhk+XdLBWFm1QjVyN5v\nWSTYgrjC4d5rt4mV+3DQ4Cp++1Lee5sDYyiXwa2aY2Zr5Vj3nCzqsI2/FsAjCn1z\nVwVHMYVKF0+oDpY+4cKAqINRtWbzmHxLFvwIMQwpydBBhXlP24hmNcRXbePVG/lk\nvk6s+UyWu5BQnZSgLdVKOVsUni/q/ghfbpl51le/Z5O1EmBYQ9QId238TidnU5dd\noNjQb+dORXwvHGLAf30hUHGp8W0FWS5XVqFP0b85doWZjYVP63jNxU3G9pTRotYn\n5JR3SjYO6hgxswoHQuEAAAADAQABAAACADMDWTdHIbdppNZW2wAm+zt0o1ADrl8M\nxu4jCd80N2wcEOLQtWKH95Rhz/IXFRExrObQ7Bs8si/fIAM6hMVq1kzl063h4J20\nzX0iS1H4GJfF1AT2bSjqDolDFUu+8kFgKzLJXFUisWWlZfHNPQ0LhgBndsz5lqp7\nAKbxmCt5YNP9bmoyw+UbsmLNGh1zdC1xxdaWxdYj1AAAbnjHREYAzpEbXdoKGQ+5\n1LdJgwa/as5DuuUOZ38/OhXKKaNgryQA8HS15Eps5JWkoSipjQEhSMg11eT8yfbz\nIG/GnQ4iIjHF5HaJVsiCcx9idnfZ+z2Te/X98u1gSVyPaHW2x//7yrSnNe5NYrtk\npoQUu3i54f7Y4ybb2REhRaxrBuCqlKgv1Sp2zd0nRpQCl5SEgFd6HykUqrHXRHNg\n5cAqZd/Qr+8KlKaMo1t3lRBrzhuVrNQK4KaCHnrjgT1wiXNX9AqkqahaAK8siNz+\nkqje8a31QOH6XErn/Q14nXs0t2W3+12sxe/pmIpuB5e3vTTaQXzaLrUUNb/N4MIT\nKyB5mpQhJZILHnkZ+1DmoVb+0sUjjmmvbwrqlGyE+mxUv2W+zHViCA5VsDNTCku4\n5ZL4+dpAnfzfDt4LZwkp83pzJuzKLD9NlTJCl/WLQdI3n/XURQIcFSekowYtLdlK\nmVGRaS/VmxdjAAABADhUytvrki2chMdMOc99KSGwx+FzJWOkCIhVxNXjxXVUoVu6\nW74kLRTY+vgeBYfvS2yDR7u6Wn4YcYml7N/QAsg/0l0vVmfmfe6mWmYuzF2hcrYd\nU9Oi7L/jcNURc0WGYJQATNqsxeDM63XtsMdFiohfqE7i/wa+sxsvfiy9rMfFvj5a\nUQ3GGvTGYUZAyklAtiNGXy0C7gIkuqqr9lkTb+nRX4wG6m1rt7IV+xIfjI7CgS9L\ndganOfKYTUMUYiFcMn3arxuBKIgNTKmndoaAigbCvKhpSUKnHLDwIjuQkSTejbox\nSEvUrwVeAG6e9YrrXMU6jwvLcntFSbLJOkW5zTYAAAEBAMaPwPLSGZC9fqTv0I1T\n57weXCRyyKQZjB8kcEuQocZ+yHSREMPapc/gJmiMA5FOXOhzVsAbeTKSAyKQ1tnI\nYqwO5W7UVG6cJmOfNJip/ART8NKRKVaBl+Vdkg3j6GkFPa6vcWwemh019Y+Q3j0S\nl3PLNGdtVsQwzmZDi+NFV46Dyyy4e9ytAmdqh/j2rDSgw/psFQz1iWwShc39rxYd\nLZlJkGqMbi70FdYAf/uvoSh+QoZeanB+VWknd/0C9mCB9+2AjsolwkH5vBl95PM0\nzSTbjvLb/eA0QoAHQnSyHed/v3UNn2fiwvLGkCuky5xaVwv0dMmgVMLt7GhF9Amq\nb68AAAEBAOdvQwkEm5SO0v7P2wWkv21TG4wYkwjmNIP41GMBv5LXX3tfy23F7fMs\nc7BJxxp6Yak/TnCqVazo5EjuAFrqVcmQ4tw+jN9fSZGp1n+0IMh5dUSXlNsyGEu3\ntC47KBAQCKxcMxrvRB/byJqCmKRZMzD7FXDjDPjx3qAwdQ0Ffd6O8PKwPupRTPFG\nK6PwGu42Vw/7ybw1DmjsIS+ehxsFLizxwATEKPeGZlQebP5NUjlFjVtduEEErpMv\nF4/JydQ5DiSywV5t4s2iZFycwqYeRSv+151ffjFMYPV7IwncRYgllzSxnjJT+ilJ\nMxUFzJSBm9v6bHFLm+ZK6zeY+2h8Cm8AAAAAAQID\n-----END OPENSSH PRIVATE KEY-----\n",
            "private_key_pem": "-----BEGIN RSA PRIVATE KEY-----\nMIIJKAIBAAKCAgEAs4IDbmL+a35UdwC9c7qFyhNEjNIk3H2v5Bi22AJYZpaQ+/JI\n76CU1tvVamVqTahY6V2qoUHvcdYWwN48DXADg+GheCYU2JBCjdXLWGGgiW6AtVyx\nf4oAovypIk4IQ+9uVw6QmBCjoQ7jL4bqUhTPotOnSyv1oxAv3EsChfEsRZwlTLxe\nCzltjOAy8qP2hy9H7Wy5ffpvYEj+hneOwYIIJlk78S6MyoIwKk+vnu/A9aLyPq7O\nmfGniQYWk8fQ8gdqQOWBgYuh0wc4b3wDQNV2vvHn1VD+ZSOx8FvGeOgUq/SRLyMM\nUhOcCqkiY2YRN4G6nr5fLVsNaA5PJbaxM54kiLZzYHr/TSkeOiN21wjsTlL9Dgd7\nizY5DzVQU/dWURvUvaowEwhk+XdLBWFm1QjVyN5vWSTYgrjC4d5rt4mV+3DQ4Cp+\n+1Lee5sDYyiXwa2aY2Zr5Vj3nCzqsI2/FsAjCn1zVwVHMYVKF0+oDpY+4cKAqINR\ntWbzmHxLFvwIMQwpydBBhXlP24hmNcRXbePVG/lkvk6s+UyWu5BQnZSgLdVKOVsU\nni/q/ghfbpl51le/Z5O1EmBYQ9QId238TidnU5ddoNjQb+dORXwvHGLAf30hUHGp\n8W0FWS5XVqFP0b85doWZjYVP63jNxU3G9pTRotYn5JR3SjYO6hgxswoHQuECAwEA\nAQKCAgAzA1k3RyG3aaTWVtsAJvs7dKNQA65fDMbuIwnfNDdsHBDi0LVih/eUYc/y\nFxURMazm0OwbPLIv3yADOoTFatZM5dOt4eCdtM19IktR+BiXxdQE9m0o6g6JQxVL\nvvJBYCsyyVxVIrFlpWXxzT0NC4YAZ3bM+ZaqewCm8ZgreWDT/W5qMsPlG7JizRod\nc3QtccXWlsXWI9QAAG54x0RGAM6RG13aChkPudS3SYMGv2rOQ7rlDmd/PzoVyimj\nYK8kAPB0teRKbOSVpKEoqY0BIUjINdXk/Mn28yBvxp0OIiIxxeR2iVbIgnMfYnZ3\n2fs9k3v1/fLtYElcj2h1tsf/+8q0pzXuTWK7ZKaEFLt4ueH+2OMm29kRIUWsawbg\nqpSoL9Uqds3dJ0aUApeUhIBXeh8pFKqx10RzYOXAKmXf0K/vCpSmjKNbd5UQa84b\nlazUCuCmgh5644E9cIlzV/QKpKmoWgCvLIjc/pKo3vGt9UDh+lxK5/0NeJ17NLdl\nt/tdrMXv6ZiKbgeXt7002kF82i61FDW/zeDCEysgeZqUISWSCx55GftQ5qFW/tLF\nI45pr28K6pRshPpsVL9lvsx1YggOVbAzUwpLuOWS+PnaQJ383w7eC2cJKfN6cybs\nyiw/TZUyQpf1i0HSN5/11EUCHBUnpKMGLS3ZSplRkWkv1ZsXYwKCAQEAxo/A8tIZ\nkL1+pO/QjVPnvB5cJHLIpBmMHyRwS5Chxn7IdJEQw9qlz+AmaIwDkU5c6HNWwBt5\nMpIDIpDW2chirA7lbtRUbpwmY580mKn8BFPw0pEpVoGX5V2SDePoaQU9rq9xbB6a\nHTX1j5DePRKXc8s0Z21WxDDOZkOL40VXjoPLLLh73K0CZ2qH+PasNKDD+mwVDPWJ\nbBKFzf2vFh0tmUmQaoxuLvQV1gB/+6+hKH5Chl5qcH5VaSd3/QL2YIH37YCOyiXC\nQfm8GX3k8zTNJNuO8tv94DRCgAdCdLId53+/dQ2fZ+LC8saQK6TLnFpXC/R0yaBU\nwu3saEX0CapvrwKCAQEA529DCQSblI7S/s/bBaS/bVMbjBiTCOY0g/jUYwG/ktdf\ne1/LbcXt8yxzsEnHGnphqT9OcKpVrOjkSO4AWupVyZDi3D6M319JkanWf7QgyHl1\nRJeU2zIYS7e0LjsoEBAIrFwzGu9EH9vImoKYpFkzMPsVcOMM+PHeoDB1DQV93o7w\n8rA+6lFM8UYro/Aa7jZXD/vJvDUOaOwhL56HGwUuLPHABMQo94ZmVB5s/k1SOUWN\nW124QQSuky8Xj8nJ1DkOJLLBXm3izaJkXJzCph5FK/7XnV9+MUxg9XsjCdxFiCWX\nNLGeMlP6KUkzFQXMlIGb2/pscUub5krrN5j7aHwKbwKCAQBwUoeSlNlTcG6AvQxb\ntjgjyYTUNX5cnfsO7tz7UhDBqZyZnCpAsKIVqrXvdCzceNjDweMz/xabTc+qMQbo\n4Zs3u6F8BW7Rt1FcD4aAScA/boCPjQA2aE7VuA3T/7XMGuPeum5N/C2wEoMbuJaP\nM8IrBataSpbHmthXLySl5ub1voYjgSTIG7J9b90FL/0QNFVIhvWNhCQ912iLs1Ll\nDpJp4RxpuZDmzLrBeTzs0lg3AN1/B0/s3PpR5rrQjGl1BHCMkKm1npB6I9yNCxOF\npLvberwtk9bUipuHsxOb0dpqx3A1tgQTj0o6barGlY18n/oX0Cx0llb8gfy2q8O1\n6A0PAoIBAQCS32pEc9ckfUtsCI8v0rDleYOW8hWF5UpYonZu6rIgR2xCCLY6UQ1E\ncOZubzPbGuWVmiZ2m7LJi/csTVaOW/7bb4Z5TXzrWTaAKa+F1dOkRmhkgmomfXEr\nxEalvEcdgn9umwiXxFaQfVOestiaHD2/jOi7fmxCJIUrVfVCsUSDFGXXLoCPBc91\noxmY7Yy5tmSkMR+CwI0Hiys4ZDvLqwr13OoGXFK/W1zfb3uuG3XeAMTHwf9ny8fa\ngl1KlD3w39CY+5R6D/SKmc9lctqYv8cYN5+wMOUN9jHmOCIxZMf/shN2jm4d9Gti\n/iBb7BU7/dDi1tcxQ1GJ4evKmdybH3UjAoIBADhUytvrki2chMdMOc99KSGwx+Fz\nJWOkCIhVxNXjxXVUoVu6W74kLRTY+vgeBYfvS2yDR7u6Wn4YcYml7N/QAsg/0l0v\nVmfmfe6mWmYuzF2hcrYdU9Oi7L/jcNURc0WGYJQATNqsxeDM63XtsMdFiohfqE7i\n/wa+sxsvfiy9rMfFvj5aUQ3GGvTGYUZAyklAtiNGXy0C7gIkuqqr9lkTb+nRX4wG\n6m1rt7IV+xIfjI7CgS9LdganOfKYTUMUYiFcMn3arxuBKIgNTKmndoaAigbCvKhp\nSUKnHLDwIjuQkSTejboxSEvUrwVeAG6e9YrrXMU6jwvLcntFSbLJOkW5zTY=\n-----END RSA PRIVATE KEY-----\n",
            "private_key_pem_pkcs8": "-----BEGIN PRIVATE KEY-----\nMIIJQgIBADANBgkqhkiG9w0BAQEFAASCCSwwggkoAgEAAoICAQCzggNuYv5rflR3\nAL1zuoXKE0SM0iTcfa/kGLbYAlhmlpD78kjvoJTW29VqZWpNqFjpXaqhQe9x1hbA\n3jwNcAOD4aF4JhTYkEKN1ctYYaCJboC1XLF/igCi/KkiTghD725XDpCYEKOhDuMv\nhupSFM+i06dLK/WjEC/cSwKF8SxFnCVMvF4LOW2M4DLyo/aHL0ftbLl9+m9gSP6G\nd47BgggmWTvxLozKgjAqT6+e78D1ovI+rs6Z8aeJBhaTx9DyB2pA5YGBi6HTBzhv\nfANA1Xa+8efVUP5lI7HwW8Z46BSr9JEvIwxSE5wKqSJjZhE3gbqevl8tWw1oDk8l\ntrEzniSItnNgev9NKR46I3bXCOxOUv0OB3uLNjkPNVBT91ZRG9S9qjATCGT5d0sF\nYWbVCNXI3m9ZJNiCuMLh3mu3iZX7cNDgKn77Ut57mwNjKJfBrZpjZmvlWPecLOqw\njb8WwCMKfXNXBUcxhUoXT6gOlj7hwoCog1G1ZvOYfEsW/AgxDCnJ0EGFeU/biGY1\nxFdt49Ub+WS+Tqz5TJa7kFCdlKAt1Uo5WxSeL+r+CF9umXnWV79nk7USYFhD1Ah3\nbfxOJ2dTl12g2NBv505FfC8cYsB/fSFQcanxbQVZLldWoU/Rvzl2hZmNhU/reM3F\nTcb2lNGi1ifklHdKNg7qGDGzCgdC4QIDAQABAoICADMDWTdHIbdppNZW2wAm+zt0\no1ADrl8Mxu4jCd80N2wcEOLQtWKH95Rhz/IXFRExrObQ7Bs8si/fIAM6hMVq1kzl\n063h4J20zX0iS1H4GJfF1AT2bSjqDolDFUu+8kFgKzLJXFUisWWlZfHNPQ0LhgBn\ndsz5lqp7AKbxmCt5YNP9bmoyw+UbsmLNGh1zdC1xxdaWxdYj1AAAbnjHREYAzpEb\nXdoKGQ+51LdJgwa/as5DuuUOZ38/OhXKKaNgryQA8HS15Eps5JWkoSipjQEhSMg1\n1eT8yfbzIG/GnQ4iIjHF5HaJVsiCcx9idnfZ+z2Te/X98u1gSVyPaHW2x//7yrSn\nNe5NYrtkpoQUu3i54f7Y4ybb2REhRaxrBuCqlKgv1Sp2zd0nRpQCl5SEgFd6HykU\nqrHXRHNg5cAqZd/Qr+8KlKaMo1t3lRBrzhuVrNQK4KaCHnrjgT1wiXNX9Aqkqaha\nAK8siNz+kqje8a31QOH6XErn/Q14nXs0t2W3+12sxe/pmIpuB5e3vTTaQXzaLrUU\nNb/N4MITKyB5mpQhJZILHnkZ+1DmoVb+0sUjjmmvbwrqlGyE+mxUv2W+zHViCA5V\nsDNTCku45ZL4+dpAnfzfDt4LZwkp83pzJuzKLD9NlTJCl/WLQdI3n/XURQIcFSek\nowYtLdlKmVGRaS/VmxdjAoIBAQDGj8Dy0hmQvX6k79CNU+e8HlwkcsikGYwfJHBL\nkKHGfsh0kRDD2qXP4CZojAORTlzoc1bAG3kykgMikNbZyGKsDuVu1FRunCZjnzSY\nqfwEU/DSkSlWgZflXZIN4+hpBT2ur3FsHpodNfWPkN49EpdzyzRnbVbEMM5mQ4vj\nRVeOg8ssuHvcrQJnaof49qw0oMP6bBUM9YlsEoXN/a8WHS2ZSZBqjG4u9BXWAH/7\nr6EofkKGXmpwflVpJ3f9AvZggfftgI7KJcJB+bwZfeTzNM0k247y2/3gNEKAB0J0\nsh3nf791DZ9n4sLyxpArpMucWlcL9HTJoFTC7exoRfQJqm+vAoIBAQDnb0MJBJuU\njtL+z9sFpL9tUxuMGJMI5jSD+NRjAb+S1197X8ttxe3zLHOwSccaemGpP05wqlWs\n6ORI7gBa6lXJkOLcPozfX0mRqdZ/tCDIeXVEl5TbMhhLt7QuOygQEAisXDMa70Qf\n28iagpikWTMw+xVw4wz48d6gMHUNBX3ejvDysD7qUUzxRiuj8BruNlcP+8m8NQ5o\n7CEvnocbBS4s8cAExCj3hmZUHmz+TVI5RY1bXbhBBK6TLxePycnUOQ4kssFebeLN\nomRcnMKmHkUr/tedX34xTGD1eyMJ3EWIJZc0sZ4yU/opSTMVBcyUgZvb+mxxS5vm\nSus3mPtofApvAoIBAHBSh5KU2VNwboC9DFu2OCPJhNQ1flyd+w7u3PtSEMGpnJmc\nKkCwohWqte90LNx42MPB4zP/FptNz6oxBujhmze7oXwFbtG3UVwPhoBJwD9ugI+N\nADZoTtW4DdP/tcwa4966bk38LbASgxu4lo8zwisFq1pKlsea2FcvJKXm5vW+hiOB\nJMgbsn1v3QUv/RA0VUiG9Y2EJD3XaIuzUuUOkmnhHGm5kObMusF5POzSWDcA3X8H\nT+zc+lHmutCMaXUEcIyQqbWekHoj3I0LE4Wku9t6vC2T1tSKm4ezE5vR2mrHcDW2\nBBOPSjptqsaVjXyf+hfQLHSWVvyB/Larw7XoDQ8CggEBAJLfakRz1yR9S2wIjy/S\nsOV5g5byFYXlSliidm7qsiBHbEIItjpRDURw5m5vM9sa5ZWaJnabssmL9yxNVo5b\n/ttvhnlNfOtZNoApr4XV06RGaGSCaiZ9cSvERqW8Rx2Cf26bCJfEVpB9U56y2Joc\nPb+M6Lt+bEIkhStV9UKxRIMUZdcugI8Fz3WjGZjtjLm2ZKQxH4LAjQeLKzhkO8ur\nCvXc6gZcUr9bXN9ve64bdd4AxMfB/2fLx9qCXUqUPfDf0Jj7lHoP9IqZz2Vy2pi/\nxxg3n7Aw5Q32MeY4IjFkx/+yE3aObh30a2L+IFvsFTv90OLW1zFDUYnh68qZ3Jsf\ndSMCggEAOFTK2+uSLZyEx0w5z30pIbDH4XMlY6QIiFXE1ePFdVShW7pbviQtFNj6\n+B4Fh+9LbINHu7pafhhxiaXs39ACyD/SXS9WZ+Z97qZaZi7MXaFyth1T06Lsv+Nw\n1RFzRYZglABM2qzF4Mzrde2wx0WKiF+oTuL/Br6zGy9+LL2sx8W+PlpRDcYa9MZh\nRkDKSUC2I0ZfLQLuAiS6qqv2WRNv6dFfjAbqbWu3shX7Eh+MjsKBL0t2Bqc58phN\nQxRiIVwyfdqvG4EoiA1Mqad2hoCKBsK8qGlJQqccsPAiO5CRJN6NujFIS9SvBV4A\nbp71iutcxTqPC8tye0VJssk6RbnNNg==\n-----END PRIVATE KEY-----\n",
            "public_key_fingerprint_md5": "3b:2c:ac:66:e8:f0:10:fc:ed:44:ca:be:ab:88:7b:7c",
            "public_key_fingerprint_sha256": "SHA256:xB1MjdcXodDV2Wyrwh1c/OjNBU7NI8Y732bJpUWVMbI",
            "public_key_openssh": "ssh-rsa AAAAB3NzaC1yc2EAAAADAQABAAACAQCzggNuYv5rflR3AL1zuoXKE0SM0iTcfa/kGLbYAlhmlpD78kjvoJTW29VqZWpNqFjpXaqhQe9x1hbA3jwNcAOD4aF4JhTYkEKN1ctYYaCJboC1XLF/igCi/KkiTghD725XDpCYEKOhDuMvhupSFM+i06dLK/WjEC/cSwKF8SxFnCVMvF4LOW2M4DLyo/aHL0ftbLl9+m9gSP6Gd47BgggmWTvxLozKgjAqT6+e78D1ovI+rs6Z8aeJBhaTx9DyB2pA5YGBi6HTBzhvfANA1Xa+8efVUP5lI7HwW8Z46BSr9JEvIwxSE5wKqSJjZhE3gbqevl8tWw1oDk8ltrEzniSItnNgev9NKR46I3bXCOxOUv0OB3uLNjkPNVBT91ZRG9S9qjATCGT5d0sFYWbVCNXI3m9ZJNiCuMLh3mu3iZX7cNDgKn77Ut57mwNjKJfBrZpjZmvlWPecLOqwjb8WwCMKfXNXBUcxhUoXT6gOlj7hwoCog1G1ZvOYfEsW/AgxDCnJ0EGFeU/biGY1xFdt49Ub+WS+Tqz5TJa7kFCdlKAt1Uo5WxSeL+r+CF9umXnWV79nk7USYFhD1Ah3bfxOJ2dTl12g2NBv505FfC8cYsB/fSFQcanxbQVZLldWoU/Rvzl2hZmNhU/reM3FTcb2lNGi1ifklHdKNg7qGDGzCgdC4Q==\n",
            "public_key_pem": "-----BEGIN PUBLIC KEY-----\nMIICIjANBgkqhkiG9w0BAQEFAAOCAg8AMIICCgKCAgEAs4IDbmL+a35UdwC9c7qF\nyhNEjNIk3H2v5Bi22AJYZpaQ+/JI76CU1tvVamVqTahY6V2qoUHvcdYWwN48DXAD\ng+GheCYU2JBCjdXLWGGgiW6AtVyxf4oAovypIk4IQ+9uVw6QmBCjoQ7jL4bqUhTP\notOnSyv1oxAv3EsChfEsRZwlTLxeCzltjOAy8qP2hy9H7Wy5ffpvYEj+hneOwYII\nJlk78S6MyoIwKk+vnu/A9aLyPq7OmfGniQYWk8fQ8gdqQOWBgYuh0wc4b3wDQNV2\nvvHn1VD+ZSOx8FvGeOgUq/SRLyMMUhOcCqkiY2YRN4G6nr5fLVsNaA5PJbaxM54k\niLZzYHr/TSkeOiN21wjsTlL9Dgd7izY5DzVQU/dWURvUvaowEwhk+XdLBWFm1QjV\nyN5vWSTYgrjC4d5rt4mV+3DQ4Cp++1Lee5sDYyiXwa2aY2Zr5Vj3nCzqsI2/FsAj\nCn1zVwVHMYVKF0+oDpY+4cKAqINRtWbzmHxLFvwIMQwpydBBhXlP24hmNcRXbePV\nG/lkvk6s+UyWu5BQnZSgLdVKOVsUni/q/ghfbpl51le/Z5O1EmBYQ9QId238Tidn\nU5ddoNjQb+dORXwvHGLAf30hUHGp8W0FWS5XVqFP0b85doWZjYVP63jNxU3G9pTR\notYn5JR3SjYO6hgxswoHQuECAwEAAQ==\n-----END PUBLIC KEY-----\n",
            "rsa_bits": 4096
          },
          "sensitive_attributes": [
            [
              {
                "type": "get_attr",
                "value": "private_key_openssh"
              }
            ],
            [
              {
                "type": "get_attr",
                "value": "private_key_pem"
              }
            ],
            [
              {
                "type": "get_attr",
                "value": "private_key_pem_pkcs8"
              }
            ]
          ],
          "identity_schema_version": 0
        }
      ]
    }
  ],
  "check_results": null
}
